// !$*UTF8*$!
{
	archiveVersion = 1;
	classes = {
	};
	objectVersion = 46;
	objects = {

/* Begin PBXBuildFile section */
		44998DE01A70E90700849905 /* NewMovieTableViewController.m in Sources */ = {isa = PBXBuildFile; fileRef = 44998DDF1A70E90700849905 /* NewMovieTableViewController.m */; };
		44998DE31A70E9DE00849905 /* NewMovieTableViewCell.m in Sources */ = {isa = PBXBuildFile; fileRef = 44998DE21A70E9DE00849905 /* NewMovieTableViewCell.m */; };
		44998F281A7B757E00849905 /* ParseNewOperation.m in Sources */ = {isa = PBXBuildFile; fileRef = 44998F271A7B757E00849905 /* ParseNewOperation.m */; };
		44998F2F1A7E409C00849905 /* TabBarController.m in Sources */ = {isa = PBXBuildFile; fileRef = 44998F2E1A7E409C00849905 /* TabBarController.m */; };
		44BDBF9D1A5EDB1E00EEEE61 /* main.m in Sources */ = {isa = PBXBuildFile; fileRef = 44BDBF9C1A5EDB1E00EEEE61 /* main.m */; };
		44BDBFA01A5EDB1E00EEEE61 /* AppDelegate.m in Sources */ = {isa = PBXBuildFile; fileRef = 44BDBF9F1A5EDB1E00EEEE61 /* AppDelegate.m */; };
		44BDBFA31A5EDB1E00EEEE61 /* RankViewController.m in Sources */ = {isa = PBXBuildFile; fileRef = 44BDBFA21A5EDB1E00EEEE61 /* RankViewController.m */; };
		44BDBFA61A5EDB1E00EEEE61 /* Main.storyboard in Resources */ = {isa = PBXBuildFile; fileRef = 44BDBFA41A5EDB1E00EEEE61 /* Main.storyboard */; };
		44BDBFA81A5EDB1E00EEEE61 /* Images.xcassets in Resources */ = {isa = PBXBuildFile; fileRef = 44BDBFA71A5EDB1E00EEEE61 /* Images.xcassets */; };
		44BDBFAB1A5EDB1E00EEEE61 /* LaunchScreen.xib in Resources */ = {isa = PBXBuildFile; fileRef = 44BDBFA91A5EDB1E00EEEE61 /* LaunchScreen.xib */; };
		44BDBFB71A5EDB1E00EEEE61 /* MovieUpdaterTests.m in Sources */ = {isa = PBXBuildFile; fileRef = 44BDBFB61A5EDB1E00EEEE61 /* MovieUpdaterTests.m */; };
		44BDBFC21A5EDB5100EEEE61 /* Movie.m in Sources */ = {isa = PBXBuildFile; fileRef = 44BDBFC11A5EDB5100EEEE61 /* Movie.m */; };
		44BDBFC51A5EDB8300EEEE61 /* MovieTableViewCell.m in Sources */ = {isa = PBXBuildFile; fileRef = 44BDBFC41A5EDB8300EEEE61 /* MovieTableViewCell.m */; };
		44BDBFC81A5EEB9700EEEE61 /* ParseOperation.m in Sources */ = {isa = PBXBuildFile; fileRef = 44BDBFC71A5EEB9700EEEE61 /* ParseOperation.m */; };
		44BDBFCA1A5FC3A600EEEE61 /* CFNetwork.framework in Frameworks */ = {isa = PBXBuildFile; fileRef = 44BDBFC91A5FC3A600EEEE61 /* CFNetwork.framework */; };
		44BDC00E1A66206B00EEEE61 /* WebViewController.m in Sources */ = {isa = PBXBuildFile; fileRef = 44BDC00D1A66206B00EEEE61 /* WebViewController.m */; };
		44BDC04A1A6902D500EEEE61 /* Social.framework in Frameworks */ = {isa = PBXBuildFile; fileRef = 44BDC0491A6902D500EEEE61 /* Social.framework */; };
		44E4728F1A83C8D3005110E2 /* launchv2.png in Resources */ = {isa = PBXBuildFile; fileRef = 44E4728E1A83C8D3005110E2 /* launchv2.png */; };
/* End PBXBuildFile section */

/* Begin PBXContainerItemProxy section */
		44BDBFB11A5EDB1E00EEEE61 /* PBXContainerItemProxy */ = {
			isa = PBXContainerItemProxy;
			containerPortal = 44BDBF8F1A5EDB1E00EEEE61 /* Project object */;
			proxyType = 1;
			remoteGlobalIDString = 44BDBF961A5EDB1E00EEEE61;
			remoteInfo = MovieUpdater;
		};
/* End PBXContainerItemProxy section */

/* Begin PBXFileReference section */
		44998DDE1A70E90700849905 /* NewMovieTableViewController.h */ = {isa = PBXFileReference; fileEncoding = 4; lastKnownFileType = sourcecode.c.h; path = NewMovieTableViewController.h; sourceTree = "<group>"; };
		44998DDF1A70E90700849905 /* NewMovieTableViewController.m */ = {isa = PBXFileReference; fileEncoding = 4; lastKnownFileType = sourcecode.c.objc; path = NewMovieTableViewController.m; sourceTree = "<group>"; };
		44998DE11A70E9DE00849905 /* NewMovieTableViewCell.h */ = {isa = PBXFileReference; fileEncoding = 4; lastKnownFileType = sourcecode.c.h; path = NewMovieTableViewCell.h; sourceTree = "<group>"; };
		44998DE21A70E9DE00849905 /* NewMovieTableViewCell.m */ = {isa = PBXFileReference; fileEncoding = 4; lastKnownFileType = sourcecode.c.objc; path = NewMovieTableViewCell.m; sourceTree = "<group>"; };
		44998F261A7B757E00849905 /* ParseNewOperation.h */ = {isa = PBXFileReference; fileEncoding = 4; lastKnownFileType = sourcecode.c.h; path = ParseNewOperation.h; sourceTree = "<group>"; };
		44998F271A7B757E00849905 /* ParseNewOperation.m */ = {isa = PBXFileReference; fileEncoding = 4; lastKnownFileType = sourcecode.c.objc; path = ParseNewOperation.m; sourceTree = "<group>"; };
		44998F2D1A7E409C00849905 /* TabBarController.h */ = {isa = PBXFileReference; fileEncoding = 4; lastKnownFileType = sourcecode.c.h; name = TabBarController.h; path = ../TabBarController.h; sourceTree = "<group>"; };
		44998F2E1A7E409C00849905 /* TabBarController.m */ = {isa = PBXFileReference; fileEncoding = 4; lastKnownFileType = sourcecode.c.objc; name = TabBarController.m; path = ../TabBarController.m; sourceTree = "<group>"; };
		44B596C81A829BA000814BB8 /* 主頁-250dpi.jpg */ = {isa = PBXFileReference; lastKnownFileType = image.jpeg; name = "主頁-250dpi.jpg"; path = "../../../Desktop/主頁-250dpi.jpg"; sourceTree = "<group>"; };
		44BDBF971A5EDB1E00EEEE61 /* MovieUpdater.app */ = {isa = PBXFileReference; explicitFileType = wrapper.application; includeInIndex = 0; path = MovieUpdater.app; sourceTree = BUILT_PRODUCTS_DIR; };
		44BDBF9B1A5EDB1E00EEEE61 /* Info.plist */ = {isa = PBXFileReference; lastKnownFileType = text.plist.xml; path = Info.plist; sourceTree = "<group>"; };
		44BDBF9C1A5EDB1E00EEEE61 /* main.m */ = {isa = PBXFileReference; lastKnownFileType = sourcecode.c.objc; path = main.m; sourceTree = "<group>"; };
		44BDBF9E1A5EDB1E00EEEE61 /* AppDelegate.h */ = {isa = PBXFileReference; lastKnownFileType = sourcecode.c.h; path = AppDelegate.h; sourceTree = "<group>"; };
		44BDBF9F1A5EDB1E00EEEE61 /* AppDelegate.m */ = {isa = PBXFileReference; lastKnownFileType = sourcecode.c.objc; path = AppDelegate.m; sourceTree = "<group>"; };
		44BDBFA11A5EDB1E00EEEE61 /* RankViewController.h */ = {isa = PBXFileReference; lastKnownFileType = sourcecode.c.h; lineEnding = 0; path = RankViewController.h; sourceTree = "<group>"; xcLanguageSpecificationIdentifier = xcode.lang.objcpp; };
		44BDBFA21A5EDB1E00EEEE61 /* RankViewController.m */ = {isa = PBXFileReference; lastKnownFileType = sourcecode.c.objc; lineEnding = 0; path = RankViewController.m; sourceTree = "<group>"; xcLanguageSpecificationIdentifier = xcode.lang.objc; };
		44BDBFA51A5EDB1E00EEEE61 /* Base */ = {isa = PBXFileReference; lastKnownFileType = file.storyboard; name = Base; path = Base.lproj/Main.storyboard; sourceTree = "<group>"; };
		44BDBFA71A5EDB1E00EEEE61 /* Images.xcassets */ = {isa = PBXFileReference; lastKnownFileType = folder.assetcatalog; path = Images.xcassets; sourceTree = "<group>"; };
		44BDBFAA1A5EDB1E00EEEE61 /* Base */ = {isa = PBXFileReference; lastKnownFileType = file.xib; name = Base; path = Base.lproj/LaunchScreen.xib; sourceTree = "<group>"; };
		44BDBFB01A5EDB1E00EEEE61 /* MovieUpdaterTests.xctest */ = {isa = PBXFileReference; explicitFileType = wrapper.cfbundle; includeInIndex = 0; path = MovieUpdaterTests.xctest; sourceTree = BUILT_PRODUCTS_DIR; };
		44BDBFB51A5EDB1E00EEEE61 /* Info.plist */ = {isa = PBXFileReference; lastKnownFileType = text.plist.xml; path = Info.plist; sourceTree = "<group>"; };
		44BDBFB61A5EDB1E00EEEE61 /* MovieUpdaterTests.m */ = {isa = PBXFileReference; lastKnownFileType = sourcecode.c.objc; path = MovieUpdaterTests.m; sourceTree = "<group>"; };
		44BDBFC01A5EDB5100EEEE61 /* Movie.h */ = {isa = PBXFileReference; fileEncoding = 4; lastKnownFileType = sourcecode.c.h; name = Movie.h; path = ../Movie.h; sourceTree = "<group>"; };
		44BDBFC11A5EDB5100EEEE61 /* Movie.m */ = {isa = PBXFileReference; fileEncoding = 4; lastKnownFileType = sourcecode.c.objc; name = Movie.m; path = ../Movie.m; sourceTree = "<group>"; };
		44BDBFC31A5EDB8300EEEE61 /* MovieTableViewCell.h */ = {isa = PBXFileReference; fileEncoding = 4; lastKnownFileType = sourcecode.c.h; name = MovieTableViewCell.h; path = ../MovieTableViewCell.h; sourceTree = "<group>"; };
		44BDBFC41A5EDB8300EEEE61 /* MovieTableViewCell.m */ = {isa = PBXFileReference; fileEncoding = 4; lastKnownFileType = sourcecode.c.objc; name = MovieTableViewCell.m; path = ../MovieTableViewCell.m; sourceTree = "<group>"; };
		44BDBFC61A5EEB9700EEEE61 /* ParseOperation.h */ = {isa = PBXFileReference; fileEncoding = 4; lastKnownFileType = sourcecode.c.h; name = ParseOperation.h; path = ../ParseOperation.h; sourceTree = "<group>"; };
		44BDBFC71A5EEB9700EEEE61 /* ParseOperation.m */ = {isa = PBXFileReference; fileEncoding = 4; lastKnownFileType = sourcecode.c.objc; name = ParseOperation.m; path = ../ParseOperation.m; sourceTree = "<group>"; };
		44BDBFC91A5FC3A600EEEE61 /* CFNetwork.framework */ = {isa = PBXFileReference; lastKnownFileType = wrapper.framework; name = CFNetwork.framework; path = System/Library/Frameworks/CFNetwork.framework; sourceTree = SDKROOT; };
		44BDBFCB1A601A5800EEEE61 /* UIKit.framework */ = {isa = PBXFileReference; lastKnownFileType = wrapper.framework; name = UIKit.framework; path = System/Library/Frameworks/UIKit.framework; sourceTree = SDKROOT; };
		44BDBFCD1A601A8F00EEEE61 /* Foundation.framework */ = {isa = PBXFileReference; lastKnownFileType = wrapper.framework; name = Foundation.framework; path = System/Library/Frameworks/Foundation.framework; sourceTree = SDKROOT; };
		44BDC00C1A66206B00EEEE61 /* WebViewController.h */ = {isa = PBXFileReference; fileEncoding = 4; lastKnownFileType = sourcecode.c.h; lineEnding = 0; name = WebViewController.h; path = ../WebViewController.h; sourceTree = "<group>"; xcLanguageSpecificationIdentifier = xcode.lang.objcpp; };
		44BDC00D1A66206B00EEEE61 /* WebViewController.m */ = {isa = PBXFileReference; fileEncoding = 4; lastKnownFileType = sourcecode.c.objc; lineEnding = 0; name = WebViewController.m; path = ../WebViewController.m; sourceTree = "<group>"; xcLanguageSpecificationIdentifier = xcode.lang.objc; };
		44BDC0491A6902D500EEEE61 /* Social.framework */ = {isa = PBXFileReference; lastKnownFileType = wrapper.framework; name = Social.framework; path = System/Library/Frameworks/Social.framework; sourceTree = SDKROOT; };
		44E4728E1A83C8D3005110E2 /* launchv2.png */ = {isa = PBXFileReference; lastKnownFileType = image.png; path = launchv2.png; sourceTree = "<group>"; };
/* End PBXFileReference section */

/* Begin PBXFrameworksBuildPhase section */
		44BDBF941A5EDB1E00EEEE61 /* Frameworks */ = {
			isa = PBXFrameworksBuildPhase;
			buildActionMask = 2147483647;
			files = (
				44BDC04A1A6902D500EEEE61 /* Social.framework in Frameworks */,
				44BDBFCA1A5FC3A600EEEE61 /* CFNetwork.framework in Frameworks */,
			);
			runOnlyForDeploymentPostprocessing = 0;
		};
		44BDBFAD1A5EDB1E00EEEE61 /* Frameworks */ = {
			isa = PBXFrameworksBuildPhase;
			buildActionMask = 2147483647;
			files = (
			);
			runOnlyForDeploymentPostprocessing = 0;
		};
/* End PBXFrameworksBuildPhase section */

/* Begin PBXGroup section */
		44998F2B1A7B762F00849905 /* NewMovie */ = {
			isa = PBXGroup;
			children = (
				44998DDE1A70E90700849905 /* NewMovieTableViewController.h */,
				44998DDF1A70E90700849905 /* NewMovieTableViewController.m */,
				44998DE11A70E9DE00849905 /* NewMovieTableViewCell.h */,
				44998DE21A70E9DE00849905 /* NewMovieTableViewCell.m */,
				44998F261A7B757E00849905 /* ParseNewOperation.h */,
				44998F271A7B757E00849905 /* ParseNewOperation.m */,
			);
			name = NewMovie;
			path = ..;
			sourceTree = "<group>";
		};
		44998F2C1A7B767D00849905 /* RankingMovie */ = {
			isa = PBXGroup;
			children = (
				44BDBFC61A5EEB9700EEEE61 /* ParseOperation.h */,
				44BDBFC71A5EEB9700EEEE61 /* ParseOperation.m */,
				44BDBFA11A5EDB1E00EEEE61 /* RankViewController.h */,
				44BDBFA21A5EDB1E00EEEE61 /* RankViewController.m */,
				44BDBFC31A5EDB8300EEEE61 /* MovieTableViewCell.h */,
				44BDBFC41A5EDB8300EEEE61 /* MovieTableViewCell.m */,
				44E4728E1A83C8D3005110E2 /* launchv2.png */,
			);
			name = RankingMovie;
			sourceTree = "<group>";
		};
		44BDBF8E1A5EDB1E00EEEE61 = {
			isa = PBXGroup;
			children = (
				44B596C81A829BA000814BB8 /* 主頁-250dpi.jpg */,
				44BDBF991A5EDB1E00EEEE61 /* MovieUpdater */,
				44BDBFB31A5EDB1E00EEEE61 /* MovieUpdaterTests */,
				44BDBF981A5EDB1E00EEEE61 /* Products */,
			);
			sourceTree = "<group>";
		};
		44BDBF981A5EDB1E00EEEE61 /* Products */ = {
			isa = PBXGroup;
			children = (
				44BDBF971A5EDB1E00EEEE61 /* MovieUpdater.app */,
				44BDBFB01A5EDB1E00EEEE61 /* MovieUpdaterTests.xctest */,
			);
			name = Products;
			sourceTree = "<group>";
		};
		44BDBF991A5EDB1E00EEEE61 /* MovieUpdater */ = {
			isa = PBXGroup;
			children = (
				44BDBFC01A5EDB5100EEEE61 /* Movie.h */,
				44BDBFC11A5EDB5100EEEE61 /* Movie.m */,
				44BDBF9E1A5EDB1E00EEEE61 /* AppDelegate.h */,
				44BDBF9F1A5EDB1E00EEEE61 /* AppDelegate.m */,
				44998F2D1A7E409C00849905 /* TabBarController.h */,
				44998F2E1A7E409C00849905 /* TabBarController.m */,
				44BDC00C1A66206B00EEEE61 /* WebViewController.h */,
				44BDC00D1A66206B00EEEE61 /* WebViewController.m */,
				44998F2B1A7B762F00849905 /* NewMovie */,
				44998F2C1A7B767D00849905 /* RankingMovie */,
				44BDBFA41A5EDB1E00EEEE61 /* Main.storyboard */,
				44BDBFA71A5EDB1E00EEEE61 /* Images.xcassets */,
				44BDBFA91A5EDB1E00EEEE61 /* LaunchScreen.xib */,
				44BDBF9A1A5EDB1E00EEEE61 /* Supporting Files */,
			);
			path = MovieUpdater;
			sourceTree = "<group>";
		};
		44BDBF9A1A5EDB1E00EEEE61 /* Supporting Files */ = {
			isa = PBXGroup;
			children = (
				44BDC0491A6902D500EEEE61 /* Social.framework */,
				44BDBFCD1A601A8F00EEEE61 /* Foundation.framework */,
				44BDBFCB1A601A5800EEEE61 /* UIKit.framework */,
				44BDBFC91A5FC3A600EEEE61 /* CFNetwork.framework */,
				44BDBF9B1A5EDB1E00EEEE61 /* Info.plist */,
				44BDBF9C1A5EDB1E00EEEE61 /* main.m */,
			);
			name = "Supporting Files";
			sourceTree = "<group>";
		};
		44BDBFB31A5EDB1E00EEEE61 /* MovieUpdaterTests */ = {
			isa = PBXGroup;
			children = (
				44BDBFB61A5EDB1E00EEEE61 /* MovieUpdaterTests.m */,
				44BDBFB41A5EDB1E00EEEE61 /* Supporting Files */,
			);
			path = MovieUpdaterTests;
			sourceTree = "<group>";
		};
		44BDBFB41A5EDB1E00EEEE61 /* Supporting Files */ = {
			isa = PBXGroup;
			children = (
				44BDBFB51A5EDB1E00EEEE61 /* Info.plist */,
			);
			name = "Supporting Files";
			sourceTree = "<group>";
		};
/* End PBXGroup section */

/* Begin PBXNativeTarget section */
		44BDBF961A5EDB1E00EEEE61 /* MovieUpdater */ = {
			isa = PBXNativeTarget;
			buildConfigurationList = 44BDBFBA1A5EDB1E00EEEE61 /* Build configuration list for PBXNativeTarget "MovieUpdater" */;
			buildPhases = (
				44BDBF931A5EDB1E00EEEE61 /* Sources */,
				44BDBF941A5EDB1E00EEEE61 /* Frameworks */,
				44BDBF951A5EDB1E00EEEE61 /* Resources */,
			);
			buildRules = (
			);
			dependencies = (
			);
			name = MovieUpdater;
			productName = MovieUpdater;
			productReference = 44BDBF971A5EDB1E00EEEE61 /* MovieUpdater.app */;
			productType = "com.apple.product-type.application";
		};
		44BDBFAF1A5EDB1E00EEEE61 /* MovieUpdaterTests */ = {
			isa = PBXNativeTarget;
			buildConfigurationList = 44BDBFBD1A5EDB1E00EEEE61 /* Build configuration list for PBXNativeTarget "MovieUpdaterTests" */;
			buildPhases = (
				44BDBFAC1A5EDB1E00EEEE61 /* Sources */,
				44BDBFAD1A5EDB1E00EEEE61 /* Frameworks */,
				44BDBFAE1A5EDB1E00EEEE61 /* Resources */,
			);
			buildRules = (
			);
			dependencies = (
				44BDBFB21A5EDB1E00EEEE61 /* PBXTargetDependency */,
			);
			name = MovieUpdaterTests;
			productName = MovieUpdaterTests;
			productReference = 44BDBFB01A5EDB1E00EEEE61 /* MovieUpdaterTests.xctest */;
			productType = "com.apple.product-type.bundle.unit-test";
		};
/* End PBXNativeTarget section */

/* Begin PBXProject section */
		44BDBF8F1A5EDB1E00EEEE61 /* Project object */ = {
			isa = PBXProject;
			attributes = {
				LastUpgradeCheck = 0610;
				ORGANIZATIONNAME = self;
				TargetAttributes = {
					44BDBF961A5EDB1E00EEEE61 = {
						CreatedOnToolsVersion = 6.1.1;
					};
					44BDBFAF1A5EDB1E00EEEE61 = {
						CreatedOnToolsVersion = 6.1.1;
						TestTargetID = 44BDBF961A5EDB1E00EEEE61;
					};
				};
			};
			buildConfigurationList = 44BDBF921A5EDB1E00EEEE61 /* Build configuration list for PBXProject "MovieUpdater" */;
			compatibilityVersion = "Xcode 3.2";
			developmentRegion = English;
			hasScannedForEncodings = 0;
			knownRegions = (
				en,
				Base,
			);
			mainGroup = 44BDBF8E1A5EDB1E00EEEE61;
			productRefGroup = 44BDBF981A5EDB1E00EEEE61 /* Products */;
			projectDirPath = "";
			projectRoot = "";
			targets = (
				44BDBF961A5EDB1E00EEEE61 /* MovieUpdater */,
				44BDBFAF1A5EDB1E00EEEE61 /* MovieUpdaterTests */,
			);
		};
/* End PBXProject section */

/* Begin PBXResourcesBuildPhase section */
		44BDBF951A5EDB1E00EEEE61 /* Resources */ = {
			isa = PBXResourcesBuildPhase;
			buildActionMask = 2147483647;
			files = (
				44BDBFA61A5EDB1E00EEEE61 /* Main.storyboard in Resources */,
				44E4728F1A83C8D3005110E2 /* launchv2.png in Resources */,
				44BDBFAB1A5EDB1E00EEEE61 /* LaunchScreen.xib in Resources */,
				44BDBFA81A5EDB1E00EEEE61 /* Images.xcassets in Resources */,
			);
			runOnlyForDeploymentPostprocessing = 0;
		};
		44BDBFAE1A5EDB1E00EEEE61 /* Resources */ = {
			isa = PBXResourcesBuildPhase;
			buildActionMask = 2147483647;
			files = (
			);
			runOnlyForDeploymentPostprocessing = 0;
		};
/* End PBXResourcesBuildPhase section */

/* Begin PBXSourcesBuildPhase section */
		44BDBF931A5EDB1E00EEEE61 /* Sources */ = {
			isa = PBXSourcesBuildPhase;
			buildActionMask = 2147483647;
			files = (
				44BDBFA31A5EDB1E00EEEE61 /* RankViewController.m in Sources */,
				44998DE01A70E90700849905 /* NewMovieTableViewController.m in Sources */,
				44998F281A7B757E00849905 /* ParseNewOperation.m in Sources */,
				44998DE31A70E9DE00849905 /* NewMovieTableViewCell.m in Sources */,
				44BDBFC81A5EEB9700EEEE61 /* ParseOperation.m in Sources */,
				44998F2F1A7E409C00849905 /* TabBarController.m in Sources */,
				44BDC00E1A66206B00EEEE61 /* WebViewController.m in Sources */,
				44BDBFA01A5EDB1E00EEEE61 /* AppDelegate.m in Sources */,
				44BDBFC21A5EDB5100EEEE61 /* Movie.m in Sources */,
				44BDBFC51A5EDB8300EEEE61 /* MovieTableViewCell.m in Sources */,
				44BDBF9D1A5EDB1E00EEEE61 /* main.m in Sources */,
			);
			runOnlyForDeploymentPostprocessing = 0;
		};
		44BDBFAC1A5EDB1E00EEEE61 /* Sources */ = {
			isa = PBXSourcesBuildPhase;
			buildActionMask = 2147483647;
			files = (
				44BDBFB71A5EDB1E00EEEE61 /* MovieUpdaterTests.m in Sources */,
			);
			runOnlyForDeploymentPostprocessing = 0;
		};
/* End PBXSourcesBuildPhase section */

/* Begin PBXTargetDependency section */
		44BDBFB21A5EDB1E00EEEE61 /* PBXTargetDependency */ = {
			isa = PBXTargetDependency;
			target = 44BDBF961A5EDB1E00EEEE61 /* MovieUpdater */;
			targetProxy = 44BDBFB11A5EDB1E00EEEE61 /* PBXContainerItemProxy */;
		};
/* End PBXTargetDependency section */

/* Begin PBXVariantGroup section */
		44BDBFA41A5EDB1E00EEEE61 /* Main.storyboard */ = {
			isa = PBXVariantGroup;
			children = (
				44BDBFA51A5EDB1E00EEEE61 /* Base */,
			);
			name = Main.storyboard;
			sourceTree = "<group>";
		};
		44BDBFA91A5EDB1E00EEEE61 /* LaunchScreen.xib */ = {
			isa = PBXVariantGroup;
			children = (
				44BDBFAA1A5EDB1E00EEEE61 /* Base */,
			);
			name = LaunchScreen.xib;
			sourceTree = "<group>";
		};
/* End PBXVariantGroup section */

/* Begin XCBuildConfiguration section */
		44BDBFB81A5EDB1E00EEEE61 /* Debug */ = {
			isa = XCBuildConfiguration;
			buildSettings = {
				ALWAYS_SEARCH_USER_PATHS = NO;
				CLANG_CXX_LANGUAGE_STANDARD = "gnu++0x";
				CLANG_CXX_LIBRARY = "libc++";
				CLANG_ENABLE_MODULES = YES;
				CLANG_ENABLE_OBJC_ARC = YES;
				CLANG_WARN_BOOL_CONVERSION = YES;
				CLANG_WARN_CONSTANT_CONVERSION = YES;
				CLANG_WARN_DIRECT_OBJC_ISA_USAGE = YES_ERROR;
				CLANG_WARN_EMPTY_BODY = YES;
				CLANG_WARN_ENUM_CONVERSION = YES;
				CLANG_WARN_INT_CONVERSION = YES;
				CLANG_WARN_OBJC_ROOT_CLASS = YES_ERROR;
				CLANG_WARN_UNREACHABLE_CODE = YES;
				CLANG_WARN__DUPLICATE_METHOD_MATCH = YES;
				"CODE_SIGN_IDENTITY[sdk=iphoneos*]" = "iPhone Developer";
				COPY_PHASE_STRIP = NO;
				ENABLE_STRICT_OBJC_MSGSEND = YES;
				GCC_C_LANGUAGE_STANDARD = gnu99;
				GCC_DYNAMIC_NO_PIC = NO;
				GCC_OPTIMIZATION_LEVEL = 0;
				GCC_PREPROCESSOR_DEFINITIONS = (
					"DEBUG=1",
					"$(inherited)",
				);
				GCC_SYMBOLS_PRIVATE_EXTERN = NO;
				GCC_WARN_64_TO_32_BIT_CONVERSION = YES;
				GCC_WARN_ABOUT_RETURN_TYPE = YES_ERROR;
				GCC_WARN_UNDECLARED_SELECTOR = YES;
				GCC_WARN_UNINITIALIZED_AUTOS = YES_AGGRESSIVE;
				GCC_WARN_UNUSED_FUNCTION = YES;
				GCC_WARN_UNUSED_VARIABLE = YES;
				IPHONEOS_DEPLOYMENT_TARGET = 8.1;
				MTL_ENABLE_DEBUG_INFO = YES;
				ONLY_ACTIVE_ARCH = YES;
				SDKROOT = iphoneos;
			};
			name = Debug;
		};
		44BDBFB91A5EDB1E00EEEE61 /* Release */ = {
			isa = XCBuildConfiguration;
			buildSettings = {
				ALWAYS_SEARCH_USER_PATHS = NO;
				CLANG_CXX_LANGUAGE_STANDARD = "gnu++0x";
				CLANG_CXX_LIBRARY = "libc++";
				CLANG_ENABLE_MODULES = YES;
				CLANG_ENABLE_OBJC_ARC = YES;
				CLANG_WARN_BOOL_CONVERSION = YES;
				CLANG_WARN_CONSTANT_CONVERSION = YES;
				CLANG_WARN_DIRECT_OBJC_ISA_USAGE = YES_ERROR;
				CLANG_WARN_EMPTY_BODY = YES;
				CLANG_WARN_ENUM_CONVERSION = YES;
				CLANG_WARN_INT_CONVERSION = YES;
				CLANG_WARN_OBJC_ROOT_CLASS = YES_ERROR;
				CLANG_WARN_UNREACHABLE_CODE = YES;
				CLANG_WARN__DUPLICATE_METHOD_MATCH = YES;
				"CODE_SIGN_IDENTITY[sdk=iphoneos*]" = "iPhone Developer";
				COPY_PHASE_STRIP = YES;
				ENABLE_NS_ASSERTIONS = NO;
				ENABLE_STRICT_OBJC_MSGSEND = YES;
				GCC_C_LANGUAGE_STANDARD = gnu99;
				GCC_WARN_64_TO_32_BIT_CONVERSION = YES;
				GCC_WARN_ABOUT_RETURN_TYPE = YES_ERROR;
				GCC_WARN_UNDECLARED_SELECTOR = YES;
				GCC_WARN_UNINITIALIZED_AUTOS = YES_AGGRESSIVE;
				GCC_WARN_UNUSED_FUNCTION = YES;
				GCC_WARN_UNUSED_VARIABLE = YES;
				IPHONEOS_DEPLOYMENT_TARGET = 8.1;
				MTL_ENABLE_DEBUG_INFO = NO;
				SDKROOT = iphoneos;
				VALIDATE_PRODUCT = YES;
			};
			name = Release;
		};
		44BDBFBB1A5EDB1E00EEEE61 /* Debug */ = {
			isa = XCBuildConfiguration;
			buildSettings = {
				ASSETCATALOG_COMPILER_APPICON_NAME = AppIcon;
				INFOPLIST_FILE = MovieUpdater/Info.plist;
				LD_RUNPATH_SEARCH_PATHS = "$(inherited) @executable_path/Frameworks";
				PRODUCT_NAME = "$(TARGET_NAME)";
			};
			name = Debug;
		};
		44BDBFBC1A5EDB1E00EEEE61 /* Release */ = {
			isa = XCBuildConfiguration;
			buildSettings = {
				ASSETCATALOG_COMPILER_APPICON_NAME = AppIcon;
				INFOPLIST_FILE = MovieUpdater/Info.plist;
				LD_RUNPATH_SEARCH_PATHS = "$(inherited) @executable_path/Frameworks";
				PRODUCT_NAME = "$(TARGET_NAME)";
			};
			name = Release;
		};
		44BDBFBE1A5EDB1E00EEEE61 /* Debug */ = {
			isa = XCBuildConfiguration;
			buildSettings = {
				BUNDLE_LOADER = "$(TEST_HOST)";
				FRAMEWORK_SEARCH_PATHS = (
					"$(SDKROOT)/Developer/Library/Frameworks",
					"$(inherited)",
				);
				GCC_PREPROCESSOR_DEFINITIONS = (
					"DEBUG=1",
					"$(inherited)",
				);
				INFOPLIST_FILE = MovieUpdaterTests/Info.plist;
				LD_RUNPATH_SEARCH_PATHS = "$(inherited) @executable_path/Frameworks @loader_path/Frameworks";
				PRODUCT_NAME = "$(TARGET_NAME)";
				TEST_HOST = "$(BUILT_PRODUCTS_DIR)/MovieUpdater.app/MovieUpdater";
			};
			name = Debug;
		};
		44BDBFBF1A5EDB1E00EEEE61 /* Release */ = {
			isa = XCBuildConfiguration;
			buildSettings = {
				BUNDLE_LOADER = "$(TEST_HOST)";
				FRAMEWORK_SEARCH_PATHS = (
					"$(SDKROOT)/Developer/Library/Frameworks",
					"$(inherited)",
				);
				INFOPLIST_FILE = MovieUpdaterTests/Info.plist;
				LD_RUNPATH_SEARCH_PATHS = "$(inherited) @executable_path/Frameworks @loader_path/Frameworks";
				PRODUCT_NAME = "$(TARGET_NAME)";
				TEST_HOST = "$(BUILT_PRODUCTS_DIR)/MovieUpdater.app/MovieUpdater";
			};
			name = Release;
		};
/* End XCBuildConfiguration section */

/* Begin XCConfigurationList section */
		44BDBF921A5EDB1E00EEEE61 /* Build configuration list for PBXProject "MovieUpdater" */ = {
			isa = XCConfigurationList;
			buildConfigurations = (
				44BDBFB81A5EDB1E00EEEE61 /* Debug */,
				44BDBFB91A5EDB1E00EEEE61 /* Release */,
			);
			defaultConfigurationIsVisible = 0;
			defaultConfigurationName = Release;
		};
		44BDBFBA1A5EDB1E00EEEE61 /* Build configuration list for PBXNativeTarget "MovieUpdater" */ = {
			isa = XCConfigurationList;
			buildConfigurations = (
				44BDBFBB1A5EDB1E00EEEE61 /* Debug */,
				44BDBFBC1A5EDB1E00EEEE61 /* Release */,
			);
			defaultConfigurationIsVisible = 0;
			defaultConfigurationName = Release;
		};
		44BDBFBD1A5EDB1E00EEEE61 /* Build configuration list for PBXNativeTarget "MovieUpdaterTests" */ = {
			isa = XCConfigurationList;
			buildConfigurations = (
				44BDBFBE1A5EDB1E00EEEE61 /* Debug */,
				44BDBFBF1A5EDB1E00EEEE61 /* Release */,
			);
			defaultConfigurationIsVisible = 0;
			defaultConfigurationName = Release;
		};
/* End XCConfigurationList section */
	};
	rootObject = 44BDBF8F1A5EDB1E00EEEE61 /* Project object */;
}
